
Microsoft Visual Studio Solution File, Format Version 12.00
# Visual Studio Version 17
VisualStudioVersion = 17.11.35222.181
MinimumVisualStudioVersion = 10.0.40219.1
Project("{9A19103F-16F7-4668-BE54-9A1E7A4F7556}") = "WebAPI", "WebAPI\WebAPI.csproj", "{38F1195F-4E84-4DA0-92C6-E74275E1940B}"
EndProject
Project("{FAE04EC0-301F-11D3-BF4B-00C04F79EFBC}") = "JwtAuthentication", "JwtAuthentication\JwtAuthentication.csproj", "{64581635-ADE3-4353-8651-97F2B5723E9B}"
EndProject
Project("{FAE04EC0-301F-11D3-BF4B-00C04F79EFBC}") = "FileUpload", "FileUpload\FileUpload.csproj", "{E949C027-9A87-4118-92AC-2104AAC35921}"
EndProject
Global
	GlobalSection(SolutionConfigurationPlatforms) = preSolution
		Debug|Any CPU = Debug|Any CPU
		Release|Any CPU = Release|Any CPU
	EndGlobalSection
	GlobalSection(ProjectConfigurationPlatforms) = postSolution
		{38F1195F-4E84-4DA0-92C6-E74275E1940B}.Debug|Any CPU.ActiveCfg = Debug|Any CPU
		{38F1195F-4E84-4DA0-92C6-E74275E1940B}.Debug|Any CPU.Build.0 = Debug|Any CPU
		{38F1195F-4E84-4DA0-92C6-E74275E1940B}.Release|Any CPU.ActiveCfg = Release|Any CPU
		{38F1195F-4E84-4DA0-92C6-E74275E1940B}.Release|Any CPU.Build.0 = Release|Any CPU
		{64581635-ADE3-4353-8651-97F2B5723E9B}.Debug|Any CPU.ActiveCfg = Debug|Any CPU
		{64581635-ADE3-4353-8651-97F2B5723E9B}.Debug|Any CPU.Build.0 = Debug|Any CPU
		{64581635-ADE3-4353-8651-97F2B5723E9B}.Release|Any CPU.ActiveCfg = Release|Any CPU
		{64581635-ADE3-4353-8651-97F2B5723E9B}.Release|Any CPU.Build.0 = Release|Any CPU
		{E949C027-9A87-4118-92AC-2104AAC35921}.Debug|Any CPU.ActiveCfg = Debug|Any CPU
		{E949C027-9A87-4118-92AC-2104AAC35921}.Debug|Any CPU.Build.0 = Debug|Any CPU
		{E949C027-9A87-4118-92AC-2104AAC35921}.Release|Any CPU.ActiveCfg = Release|Any CPU
		{E949C027-9A87-4118-92AC-2104AAC35921}.Release|Any CPU.Build.0 = Release|Any CPU
	EndGlobalSection
	GlobalSection(SolutionProperties) = preSolution
		HideSolutionNode = FALSE
	EndGlobalSection
	GlobalSection(ExtensibilityGlobals) = postSolution
		SolutionGuid = {2FD4450F-2ED6-47E2-8EAA-6C0CE7CDD708}
	EndGlobalSection
EndGlobal
